{
  "name": "validator",
  "version": "0.0.1",
  "lockfileVersion": 1,
  "requires": true,
  "dependencies": {
    "base": {
      "version": "file:../ad-base"
    },
    "control-validator": {
      "version": "file:../ad-control-validator",
      "requires": {
        "base": "file:../ad-base"
      },
      "dependencies": {
        "base": {
          "version": "file:../ad-base",
          "bundled": true
        }
      }
    }
  }
}
